
Microsoft Visual Studio Solution File, Format Version 12.00
# Visual Studio Version 16
VisualStudioVersion = 16.0.30406.217
MinimumVisualStudioVersion = 10.0.40219.1
Project("{FAE04EC0-301F-11D3-BF4B-00C04F79EFBC}") = "NetworkModules", "NetworkModules\NetworkModules.csproj", "{E66ABBE0-AF3F-4549-94E3-A67216A4948F}"
EndProject
Project("{FAE04EC0-301F-11D3-BF4B-00C04F79EFBC}") = "TextTransliteration", "TextTransliteration\TextTransliteration.csproj", "{C24BC091-EFFE-4631-906E-76B1846F4161}"
EndProject
Project("{FAE04EC0-301F-11D3-BF4B-00C04F79EFBC}") = "ClientHandlers", "MessageHandlers\ClientHandlers.csproj", "{B5B0A7E9-E4AC-4312-8DF5-232722A6508C}"
EndProject
Project("{FAE04EC0-301F-11D3-BF4B-00C04F79EFBC}") = "ServerHandlers", "ServerHandlers\ServerHandlers.csproj", "{B3C6BD3C-CB03-4312-801E-5F92F70A709B}"
EndProject
Project("{FAE04EC0-301F-11D3-BF4B-00C04F79EFBC}") = "NetworkTests", "NetworkTests\NetworkTests.csproj", "{BB6B1D2E-1513-4C55-8A37-5841098A228D}"
EndProject
Global
	GlobalSection(SolutionConfigurationPlatforms) = preSolution
		Debug|Any CPU = Debug|Any CPU
		Release|Any CPU = Release|Any CPU
	EndGlobalSection
	GlobalSection(ProjectConfigurationPlatforms) = postSolution
		{E66ABBE0-AF3F-4549-94E3-A67216A4948F}.Debug|Any CPU.ActiveCfg = Debug|Any CPU
		{E66ABBE0-AF3F-4549-94E3-A67216A4948F}.Debug|Any CPU.Build.0 = Debug|Any CPU
		{E66ABBE0-AF3F-4549-94E3-A67216A4948F}.Release|Any CPU.ActiveCfg = Release|Any CPU
		{E66ABBE0-AF3F-4549-94E3-A67216A4948F}.Release|Any CPU.Build.0 = Release|Any CPU
		{C24BC091-EFFE-4631-906E-76B1846F4161}.Debug|Any CPU.ActiveCfg = Debug|Any CPU
		{C24BC091-EFFE-4631-906E-76B1846F4161}.Debug|Any CPU.Build.0 = Debug|Any CPU
		{C24BC091-EFFE-4631-906E-76B1846F4161}.Release|Any CPU.ActiveCfg = Release|Any CPU
		{C24BC091-EFFE-4631-906E-76B1846F4161}.Release|Any CPU.Build.0 = Release|Any CPU
		{B5B0A7E9-E4AC-4312-8DF5-232722A6508C}.Debug|Any CPU.ActiveCfg = Debug|Any CPU
		{B5B0A7E9-E4AC-4312-8DF5-232722A6508C}.Debug|Any CPU.Build.0 = Debug|Any CPU
		{B5B0A7E9-E4AC-4312-8DF5-232722A6508C}.Release|Any CPU.ActiveCfg = Release|Any CPU
		{B5B0A7E9-E4AC-4312-8DF5-232722A6508C}.Release|Any CPU.Build.0 = Release|Any CPU
		{B3C6BD3C-CB03-4312-801E-5F92F70A709B}.Debug|Any CPU.ActiveCfg = Debug|Any CPU
		{B3C6BD3C-CB03-4312-801E-5F92F70A709B}.Debug|Any CPU.Build.0 = Debug|Any CPU
		{B3C6BD3C-CB03-4312-801E-5F92F70A709B}.Release|Any CPU.ActiveCfg = Release|Any CPU
		{B3C6BD3C-CB03-4312-801E-5F92F70A709B}.Release|Any CPU.Build.0 = Release|Any CPU
		{BB6B1D2E-1513-4C55-8A37-5841098A228D}.Debug|Any CPU.ActiveCfg = Debug|Any CPU
		{BB6B1D2E-1513-4C55-8A37-5841098A228D}.Debug|Any CPU.Build.0 = Debug|Any CPU
		{BB6B1D2E-1513-4C55-8A37-5841098A228D}.Release|Any CPU.ActiveCfg = Release|Any CPU
		{BB6B1D2E-1513-4C55-8A37-5841098A228D}.Release|Any CPU.Build.0 = Release|Any CPU
	EndGlobalSection
	GlobalSection(SolutionProperties) = preSolution
		HideSolutionNode = FALSE
	EndGlobalSection
	GlobalSection(ExtensibilityGlobals) = postSolution
		SolutionGuid = {8E359C34-8C4B-4FF1-84A5-13046D15289D}
	EndGlobalSection
EndGlobal
