
Microsoft Visual Studio Solution File, Format Version 12.00
# Visual Studio Version 16
VisualStudioVersion = 16.0.30406.217
MinimumVisualStudioVersion = 10.0.40219.1
Project("{FAE04EC0-301F-11D3-BF4B-00C04F79EFBC}") = "Products", "Products\Products.csproj", "{41F22A8E-1C28-4A1B-B973-F40E447DACBC}"
EndProject
Project("{FAE04EC0-301F-11D3-BF4B-00C04F79EFBC}") = "OwnExceptions", "OwnExceptions\OwnExceptions.csproj", "{FFEDCFEA-4FAD-4CCB-90D3-7B083A04BFDD}"
EndProject
Project("{FAE04EC0-301F-11D3-BF4B-00C04F79EFBC}") = "WorkWithJson", "WorkWithJson\WorkWithJson.csproj", "{5F536E89-6A6E-42D8-9D90-DFFE2B20B36D}"
EndProject
Project("{FAE04EC0-301F-11D3-BF4B-00C04F79EFBC}") = "ProductsTests", "ProductsTests\ProductsTests.csproj", "{EAE3C1C3-49E0-4496-AC3E-747A9A4E00F3}"
EndProject
Global
	GlobalSection(SolutionConfigurationPlatforms) = preSolution
		Debug|Any CPU = Debug|Any CPU
		Release|Any CPU = Release|Any CPU
	EndGlobalSection
	GlobalSection(ProjectConfigurationPlatforms) = postSolution
		{41F22A8E-1C28-4A1B-B973-F40E447DACBC}.Debug|Any CPU.ActiveCfg = Debug|Any CPU
		{41F22A8E-1C28-4A1B-B973-F40E447DACBC}.Debug|Any CPU.Build.0 = Debug|Any CPU
		{41F22A8E-1C28-4A1B-B973-F40E447DACBC}.Release|Any CPU.ActiveCfg = Release|Any CPU
		{41F22A8E-1C28-4A1B-B973-F40E447DACBC}.Release|Any CPU.Build.0 = Release|Any CPU
		{FFEDCFEA-4FAD-4CCB-90D3-7B083A04BFDD}.Debug|Any CPU.ActiveCfg = Debug|Any CPU
		{FFEDCFEA-4FAD-4CCB-90D3-7B083A04BFDD}.Debug|Any CPU.Build.0 = Debug|Any CPU
		{FFEDCFEA-4FAD-4CCB-90D3-7B083A04BFDD}.Release|Any CPU.ActiveCfg = Release|Any CPU
		{FFEDCFEA-4FAD-4CCB-90D3-7B083A04BFDD}.Release|Any CPU.Build.0 = Release|Any CPU
		{5F536E89-6A6E-42D8-9D90-DFFE2B20B36D}.Debug|Any CPU.ActiveCfg = Debug|Any CPU
		{5F536E89-6A6E-42D8-9D90-DFFE2B20B36D}.Debug|Any CPU.Build.0 = Debug|Any CPU
		{5F536E89-6A6E-42D8-9D90-DFFE2B20B36D}.Release|Any CPU.ActiveCfg = Release|Any CPU
		{5F536E89-6A6E-42D8-9D90-DFFE2B20B36D}.Release|Any CPU.Build.0 = Release|Any CPU
		{EAE3C1C3-49E0-4496-AC3E-747A9A4E00F3}.Debug|Any CPU.ActiveCfg = Debug|Any CPU
		{EAE3C1C3-49E0-4496-AC3E-747A9A4E00F3}.Debug|Any CPU.Build.0 = Debug|Any CPU
		{EAE3C1C3-49E0-4496-AC3E-747A9A4E00F3}.Release|Any CPU.ActiveCfg = Release|Any CPU
		{EAE3C1C3-49E0-4496-AC3E-747A9A4E00F3}.Release|Any CPU.Build.0 = Release|Any CPU
	EndGlobalSection
	GlobalSection(SolutionProperties) = preSolution
		HideSolutionNode = FALSE
	EndGlobalSection
	GlobalSection(ExtensibilityGlobals) = postSolution
		SolutionGuid = {15F523E8-E8A6-46FE-BF4D-3020C1D70585}
	EndGlobalSection
EndGlobal
