
Microsoft Visual Studio Solution File, Format Version 12.00
# Visual Studio Version 16
VisualStudioVersion = 16.0.30406.217
MinimumVisualStudioVersion = 10.0.40219.1
Project("{FAE04EC0-301F-11D3-BF4B-00C04F79EFBC}") = "SessionData", "SessionResults\SessionData.csproj", "{94222D5D-7524-4163-A25E-40CB774592A8}"
EndProject
Project("{FAE04EC0-301F-11D3-BF4B-00C04F79EFBC}") = "ORM", "ORM\ORM.csproj", "{6CDC97F8-2BD3-4260-A88F-DCC4D1AB6955}"
EndProject
Project("{FAE04EC0-301F-11D3-BF4B-00C04F79EFBC}") = "SessionDataFactory", "SessionDataFactory\SessionDataFactory.csproj", "{0DF8F143-EC35-4EAA-8487-E8784752DC61}"
EndProject
Project("{FAE04EC0-301F-11D3-BF4B-00C04F79EFBC}") = "Reports", "Reports\Reports.csproj", "{5CF3967B-C64E-48CE-9229-84B86C55FC85}"
EndProject
Project("{FAE04EC0-301F-11D3-BF4B-00C04F79EFBC}") = "Sorters", "Sorters\Sorters.csproj", "{AE9AAA66-7870-4321-B25A-DB9C67BF638E}"
EndProject
Project("{FAE04EC0-301F-11D3-BF4B-00C04F79EFBC}") = "UnitTests", "UnitTests\UnitTests.csproj", "{786ABF58-F236-4F69-B515-96A2BCB0CAFA}"
EndProject
Global
	GlobalSection(SolutionConfigurationPlatforms) = preSolution
		Debug|Any CPU = Debug|Any CPU
		Release|Any CPU = Release|Any CPU
	EndGlobalSection
	GlobalSection(ProjectConfigurationPlatforms) = postSolution
		{94222D5D-7524-4163-A25E-40CB774592A8}.Debug|Any CPU.ActiveCfg = Debug|Any CPU
		{94222D5D-7524-4163-A25E-40CB774592A8}.Debug|Any CPU.Build.0 = Debug|Any CPU
		{94222D5D-7524-4163-A25E-40CB774592A8}.Release|Any CPU.ActiveCfg = Release|Any CPU
		{94222D5D-7524-4163-A25E-40CB774592A8}.Release|Any CPU.Build.0 = Release|Any CPU
		{6CDC97F8-2BD3-4260-A88F-DCC4D1AB6955}.Debug|Any CPU.ActiveCfg = Debug|Any CPU
		{6CDC97F8-2BD3-4260-A88F-DCC4D1AB6955}.Debug|Any CPU.Build.0 = Debug|Any CPU
		{6CDC97F8-2BD3-4260-A88F-DCC4D1AB6955}.Release|Any CPU.ActiveCfg = Release|Any CPU
		{6CDC97F8-2BD3-4260-A88F-DCC4D1AB6955}.Release|Any CPU.Build.0 = Release|Any CPU
		{0DF8F143-EC35-4EAA-8487-E8784752DC61}.Debug|Any CPU.ActiveCfg = Debug|Any CPU
		{0DF8F143-EC35-4EAA-8487-E8784752DC61}.Debug|Any CPU.Build.0 = Debug|Any CPU
		{0DF8F143-EC35-4EAA-8487-E8784752DC61}.Release|Any CPU.ActiveCfg = Release|Any CPU
		{0DF8F143-EC35-4EAA-8487-E8784752DC61}.Release|Any CPU.Build.0 = Release|Any CPU
		{5CF3967B-C64E-48CE-9229-84B86C55FC85}.Debug|Any CPU.ActiveCfg = Debug|Any CPU
		{5CF3967B-C64E-48CE-9229-84B86C55FC85}.Debug|Any CPU.Build.0 = Debug|Any CPU
		{5CF3967B-C64E-48CE-9229-84B86C55FC85}.Release|Any CPU.ActiveCfg = Release|Any CPU
		{5CF3967B-C64E-48CE-9229-84B86C55FC85}.Release|Any CPU.Build.0 = Release|Any CPU
		{AE9AAA66-7870-4321-B25A-DB9C67BF638E}.Debug|Any CPU.ActiveCfg = Debug|Any CPU
		{AE9AAA66-7870-4321-B25A-DB9C67BF638E}.Debug|Any CPU.Build.0 = Debug|Any CPU
		{AE9AAA66-7870-4321-B25A-DB9C67BF638E}.Release|Any CPU.ActiveCfg = Release|Any CPU
		{AE9AAA66-7870-4321-B25A-DB9C67BF638E}.Release|Any CPU.Build.0 = Release|Any CPU
		{786ABF58-F236-4F69-B515-96A2BCB0CAFA}.Debug|Any CPU.ActiveCfg = Debug|Any CPU
		{786ABF58-F236-4F69-B515-96A2BCB0CAFA}.Debug|Any CPU.Build.0 = Debug|Any CPU
		{786ABF58-F236-4F69-B515-96A2BCB0CAFA}.Release|Any CPU.ActiveCfg = Release|Any CPU
		{786ABF58-F236-4F69-B515-96A2BCB0CAFA}.Release|Any CPU.Build.0 = Release|Any CPU
	EndGlobalSection
	GlobalSection(SolutionProperties) = preSolution
		HideSolutionNode = FALSE
	EndGlobalSection
	GlobalSection(ExtensibilityGlobals) = postSolution
		SolutionGuid = {17040D84-9C07-489F-A855-02F140DDC485}
	EndGlobalSection
EndGlobal
